
Microsoft Visual Studio Solution File, Format Version 12.00
# Visual Studio Version 16
VisualStudioVersion = 16.0.30907.101
MinimumVisualStudioVersion = 10.0.40219.1
Project("{9A19103F-16F7-4668-BE54-9A1E7A4F7556}") = "metotlar", "metotlar\metotlar.csproj", "{1F509034-154D-425C-B7E0-7C69FE9AF9B0}"
EndProject
Project("{FAE04EC0-301F-11D3-BF4B-00C04F79EFBC}") = "DegerVeReferansTipler", "DegerVeReferansTipler\DegerVeReferansTipler.csproj", "{0C91D4D1-A708-4263-8DF5-66622041CDE9}"
EndProject
Global
	GlobalSection(SolutionConfigurationPlatforms) = preSolution
		Debug|Any CPU = Debug|Any CPU
		Release|Any CPU = Release|Any CPU
	EndGlobalSection
	GlobalSection(ProjectConfigurationPlatforms) = postSolution
		{1F509034-154D-425C-B7E0-7C69FE9AF9B0}.Debug|Any CPU.ActiveCfg = Debug|Any CPU
		{1F509034-154D-425C-B7E0-7C69FE9AF9B0}.Debug|Any CPU.Build.0 = Debug|Any CPU
		{1F509034-154D-425C-B7E0-7C69FE9AF9B0}.Release|Any CPU.ActiveCfg = Release|Any CPU
		{1F509034-154D-425C-B7E0-7C69FE9AF9B0}.Release|Any CPU.Build.0 = Release|Any CPU
		{0C91D4D1-A708-4263-8DF5-66622041CDE9}.Debug|Any CPU.ActiveCfg = Debug|Any CPU
		{0C91D4D1-A708-4263-8DF5-66622041CDE9}.Debug|Any CPU.Build.0 = Debug|Any CPU
		{0C91D4D1-A708-4263-8DF5-66622041CDE9}.Release|Any CPU.ActiveCfg = Release|Any CPU
		{0C91D4D1-A708-4263-8DF5-66622041CDE9}.Release|Any CPU.Build.0 = Release|Any CPU
	EndGlobalSection
	GlobalSection(SolutionProperties) = preSolution
		HideSolutionNode = FALSE
	EndGlobalSection
	GlobalSection(ExtensibilityGlobals) = postSolution
		SolutionGuid = {3DEC62EE-6247-42E4-A6E0-43EE0D16EC00}
	EndGlobalSection
EndGlobal
